{
  "name": "continuum-api-society",
  "lockfileVersion": 3,
  "requires": true,
  "packages": {
    "": {
      "name": "continuum-api-society",
      "hasInstallScript": true,
      "dependencies": {
        "gov-glove": "file:vendor/gov-glove"
      }
    },
    "node_modules/gov-glove": {
      "resolved": "vendor/gov-glove",
      "link": true
    },
    "vendor/gov-glove": {
      "version": "1.0.0",
      "bin": {
        "gov-glove": "dist/cli.js"
      },
      "engines": {
        "node": ">=18"
      }
    }
  }
}
